Microsoft Visual Studio Solution File, Format Version 12.00
# Visual Studio Version 17
VisualStudioVersion = 17.5.2.0
MinimumVisualStudioVersion = 10.0.40219.1
Project("{FAE04EC0-301F-11D3-BF4B-00C04F79EFBC}") = "WebApi_task", "WebApi_task.csproj", "{11F5826E-40FA-1452-EE91-0E2AAF90F2BA}"
EndProject
Global
	GlobalSection(SolutionConfigurationPlatforms) = preSolution
		Debug|Any CPU = Debug|Any CPU
		Release|Any CPU = Release|Any CPU
	EndGlobalSection
	GlobalSection(ProjectConfigurationPlatforms) = postSolution
		{11F5826E-40FA-1452-EE91-0E2AAF90F2BA}.Debug|Any CPU.ActiveCfg = Debug|Any CPU
		{11F5826E-40FA-1452-EE91-0E2AAF90F2BA}.Debug|Any CPU.Build.0 = Debug|Any CPU
		{11F5826E-40FA-1452-EE91-0E2AAF90F2BA}.Release|Any CPU.ActiveCfg = Release|Any CPU
		{11F5826E-40FA-1452-EE91-0E2AAF90F2BA}.Release|Any CPU.Build.0 = Release|Any CPU
	EndGlobalSection
	GlobalSection(SolutionProperties) = preSolution
		HideSolutionNode = FALSE
	EndGlobalSection
	GlobalSection(ExtensibilityGlobals) = postSolution
		SolutionGuid = {87E7D456-A413-44C3-BC75-C5648D040F42}
	EndGlobalSection
EndGlobal
